<?xml version="1.0" encoding="utf-8"?>
<Project ToolsVersion="4.0" xmlns="http://schemas.microsoft.com/developer/msbuild/2003">
  <ItemGroup>
    <Filter Include="소스 파일">
      <UniqueIdentifier>{4FC737F1-C7A5-4376-A066-2A32D752A2FF}</UniqueIdentifier>
      <Extensions>cpp;c;cc;cxx;c++;cppm;ixx;def;odl;idl;hpj;bat;asm;asmx</Extensions>
    </Filter>
    <Filter Include="헤더 파일">
      <UniqueIdentifier>{93995380-89BD-4b04-88EB-625FBE52EBFB}</UniqueIdentifier>
      <Extensions>h;hh;hpp;hxx;h++;hm;inl;inc;ipp;xsd</Extensions>
    </Filter>
    <Filter Include="리소스 파일">
      <UniqueIdentifier>{67DA6AB6-F800-4c08-8B7A-83BB121AAD01}</UniqueIdentifier>
      <Extensions>rc;ico;cur;bmp;dlg;rc2;rct;bin;rgs;gif;jpg;jpeg;jpe;resx;tiff;tif;png;wav;mfcribbon-ms</Extensions>
    </Filter>
  </ItemGroup>
  <ItemGroup>
    <ClCompile Include="1149.cpp">
      <Filter>소스 파일</Filter>
    </ClCompile>
    <ClCompile Include="1010.cpp">
      <Filter>소스 파일</Filter>
    </ClCompile>
    <ClCompile Include="1268.cpp">
      <Filter>소스 파일</Filter>
    </ClCompile>
    <ClCompile Include="1292.cpp">
      <Filter>소스 파일</Filter>
    </ClCompile>
    <ClCompile Include="1158.cpp">
      <Filter>소스 파일</Filter>
    </ClCompile>
    <ClCompile Include="1780.cpp">
      <Filter>소스 파일</Filter>
    </ClCompile>
    <ClCompile Include="1309.cpp">
      <Filter>소스 파일</Filter>
    </ClCompile>
    <ClCompile Include="1316.cpp">
      <Filter>소스 파일</Filter>
    </ClCompile>
    <ClCompile Include="1463.cpp">
      <Filter>소스 파일</Filter>
    </ClCompile>
    <ClCompile Include="1759.cpp">
      <Filter>소스 파일</Filter>
    </ClCompile>
    <ClCompile Include="1890.cpp">
      <Filter>소스 파일</Filter>
    </ClCompile>
    <ClCompile Include="1904.cpp">
      <Filter>소스 파일</Filter>
    </ClCompile>
    <ClCompile Include="1920.cpp">
      <Filter>소스 파일</Filter>
    </ClCompile>
    <ClCompile Include="1929.cpp">
      <Filter>소스 파일</Filter>
    </ClCompile>
    <ClCompile Include="1932.cpp">
      <Filter>소스 파일</Filter>
    </ClCompile>
    <ClCompile Include="1934.cpp">
      <Filter>소스 파일</Filter>
    </ClCompile>
    <ClCompile Include="1654.cpp">
      <Filter>소스 파일</Filter>
    </ClCompile>
    <ClCompile Include="18114.cpp">
      <Filter>소스 파일</Filter>
    </ClCompile>
    <ClCompile Include="1966.cpp">
      <Filter>소스 파일</Filter>
    </ClCompile>
    <ClCompile Include="1977.cpp">
      <Filter>소스 파일</Filter>
    </ClCompile>
    <ClCompile Include="1992.cpp">
      <Filter>소스 파일</Filter>
    </ClCompile>
    <ClCompile Include="2108.cpp">
      <Filter>소스 파일</Filter>
    </ClCompile>
    <ClCompile Include="2156.cpp">
      <Filter>소스 파일</Filter>
    </ClCompile>
    <ClCompile Include="2805.cpp">
      <Filter>소스 파일</Filter>
    </ClCompile>
    <ClCompile Include="2343.cpp">
      <Filter>소스 파일</Filter>
    </ClCompile>
    <ClCompile Include="11561.cpp">
      <Filter>소스 파일</Filter>
    </ClCompile>
    <ClCompile Include="10816.cpp">
      <Filter>소스 파일</Filter>
    </ClCompile>
    <ClCompile Include="2110.cpp">
      <Filter>소스 파일</Filter>
    </ClCompile>
    <ClCompile Include="16401.cpp">
      <Filter>소스 파일</Filter>
    </ClCompile>
    <ClCompile Include="13706.cpp">
      <Filter>소스 파일</Filter>
    </ClCompile>
    <ClCompile Include="2417.cpp">
      <Filter>소스 파일</Filter>
    </ClCompile>
    <ClCompile Include="1003.cpp">
      <Filter>소스 파일</Filter>
    </ClCompile>
    <ClCompile Include="11726.cpp">
      <Filter>소스 파일</Filter>
    </ClCompile>
    <ClCompile Include="15989.cpp">
      <Filter>소스 파일</Filter>
    </ClCompile>
    <ClCompile Include="10996.cpp">
      <Filter>소스 파일</Filter>
    </ClCompile>
    <ClCompile Include="10569.cpp">
      <Filter>소스 파일</Filter>
    </ClCompile>
    <ClCompile Include="7510.cpp">
      <Filter>소스 파일</Filter>
    </ClCompile>
    <ClCompile Include="2688.cpp">
      <Filter>소스 파일</Filter>
    </ClCompile>
    <ClCompile Include="2225.cpp">
      <Filter>소스 파일</Filter>
    </ClCompile>
    <ClCompile Include="2164.cpp">
      <Filter>소스 파일</Filter>
    </ClCompile>
    <ClCompile Include="2443.cpp">
      <Filter>소스 파일</Filter>
    </ClCompile>
    <ClCompile Include="2444.cpp">
      <Filter>소스 파일</Filter>
    </ClCompile>
    <ClCompile Include="2630.cpp">
      <Filter>소스 파일</Filter>
    </ClCompile>
    <ClCompile Include="17363.cpp">
      <Filter>소스 파일</Filter>
    </ClCompile>
    <ClCompile Include="17262.cpp">
      <Filter>소스 파일</Filter>
    </ClCompile>
    <ClCompile Include="17176.cpp">
      <Filter>소스 파일</Filter>
    </ClCompile>
    <ClCompile Include="17074.cpp">
      <Filter>소스 파일</Filter>
    </ClCompile>
    <ClCompile Include="16931.cpp">
      <Filter>소스 파일</Filter>
    </ClCompile>
    <ClCompile Include="15815.cpp">
      <Filter>소스 파일</Filter>
    </ClCompile>
    <ClCompile Include="2504.cpp">
      <Filter>소스 파일</Filter>
    </ClCompile>
    <ClCompile Include="20301.cpp">
      <Filter>소스 파일</Filter>
    </ClCompile>
    <ClCompile Include="2579.cpp">
      <Filter>소스 파일</Filter>
    </ClCompile>
    <ClCompile Include="1912.cpp">
      <Filter>소스 파일</Filter>
    </ClCompile>
    <ClCompile Include="1874.cpp">
      <Filter>소스 파일</Filter>
    </ClCompile>
    <ClCompile Include="5430.cpp">
      <Filter>소스 파일</Filter>
    </ClCompile>
    <ClCompile Include="14495.cpp">
      <Filter>소스 파일</Filter>
    </ClCompile>
    <ClCompile Include="16395.cpp">
      <Filter>소스 파일</Filter>
    </ClCompile>
    <ClCompile Include="17626.cpp">
      <Filter>소스 파일</Filter>
    </ClCompile>
    <ClCompile Include="13417.cpp">
      <Filter>소스 파일</Filter>
    </ClCompile>
    <ClCompile Include="12789.cpp">
      <Filter>소스 파일</Filter>
    </ClCompile>
    <ClCompile Include="2841.cpp">
      <Filter>소스 파일</Filter>
    </ClCompile>
    <ClCompile Include="1302.cpp">
      <Filter>소스 파일</Filter>
    </ClCompile>
    <ClCompile Include="1935.cpp">
      <Filter>소스 파일</Filter>
    </ClCompile>
    <ClCompile Include="1021.cpp">
      <Filter>소스 파일</Filter>
    </ClCompile>
    <ClCompile Include="17413.cpp">
      <Filter>소스 파일</Filter>
    </ClCompile>
    <ClCompile Include="2346.cpp">
      <Filter>소스 파일</Filter>
    </ClCompile>
    <ClCompile Include="10799.cpp">
      <Filter>소스 파일</Filter>
    </ClCompile>
    <ClCompile Include="2193.cpp">
      <Filter>소스 파일</Filter>
    </ClCompile>
    <ClCompile Include="11727.cpp">
      <Filter>소스 파일</Filter>
    </ClCompile>
    <ClCompile Include="9656.cpp">
      <Filter>소스 파일</Filter>
    </ClCompile>
    <ClCompile Include="14916.cpp">
      <Filter>소스 파일</Filter>
    </ClCompile>
    <ClCompile Include="11048.cpp">
      <Filter>소스 파일</Filter>
    </ClCompile>
    <ClCompile Include="1789.cpp">
      <Filter>소스 파일</Filter>
    </ClCompile>
    <ClCompile Include="11053.cpp">
      <Filter>소스 파일</Filter>
    </ClCompile>
    <ClCompile Include="9625.cpp">
      <Filter>소스 파일</Filter>
    </ClCompile>
    <ClCompile Include="13301.cpp">
      <Filter>소스 파일</Filter>
    </ClCompile>
    <ClCompile Include="1476.cpp">
      <Filter>소스 파일</Filter>
    </ClCompile>
    <ClCompile Include="1343.cpp">
      <Filter>소스 파일</Filter>
    </ClCompile>
    <ClCompile Include="5524.cpp">
      <Filter>소스 파일</Filter>
    </ClCompile>
    <ClCompile Include="11722.cpp">
      <Filter>소스 파일</Filter>
    </ClCompile>
    <ClCompile Include="11055.cpp">
      <Filter>소스 파일</Filter>
    </ClCompile>
    <ClCompile Include="18353.cpp">
      <Filter>소스 파일</Filter>
    </ClCompile>
    <ClCompile Include="15990.cpp">
      <Filter>소스 파일</Filter>
    </ClCompile>
    <ClCompile Include="23320.cpp">
      <Filter>소스 파일</Filter>
    </ClCompile>
    <ClCompile Include="10162.cpp">
      <Filter>소스 파일</Filter>
    </ClCompile>
    <ClCompile Include="23841.cpp">
      <Filter>소스 파일</Filter>
    </ClCompile>
    <ClCompile Include="15829.cpp">
      <Filter>소스 파일</Filter>
    </ClCompile>
    <ClCompile Include="2493.cpp">
      <Filter>소스 파일</Filter>
    </ClCompile>
    <ClCompile Include="11659.cpp">
      <Filter>소스 파일</Filter>
    </ClCompile>
    <ClCompile Include="2559.cpp">
      <Filter>소스 파일</Filter>
    </ClCompile>
    <ClCompile Include="10211.cpp">
      <Filter>소스 파일</Filter>
    </ClCompile>
    <ClCompile Include="13900.cpp">
      <Filter>소스 파일</Filter>
    </ClCompile>
    <ClCompile Include="17390.cpp">
      <Filter>소스 파일</Filter>
    </ClCompile>
    <ClCompile Include="2435.cpp">
      <Filter>소스 파일</Filter>
    </ClCompile>
    <ClCompile Include="2015.cpp">
      <Filter>소스 파일</Filter>
    </ClCompile>
    <ClCompile Include="1924.cpp">
      <Filter>소스 파일</Filter>
    </ClCompile>
    <ClCompile Include="18870.cpp">
      <Filter>소스 파일</Filter>
    </ClCompile>
    <ClCompile Include="2523.cpp">
      <Filter>소스 파일</Filter>
    </ClCompile>
    <ClCompile Include="2522.cpp">
      <Filter>소스 파일</Filter>
    </ClCompile>
    <ClCompile Include="10991.cpp">
      <Filter>소스 파일</Filter>
    </ClCompile>
    <ClCompile Include="2490.cpp">
      <Filter>소스 파일</Filter>
    </ClCompile>
    <ClCompile Include="10990.cpp">
      <Filter>소스 파일</Filter>
    </ClCompile>
    <ClCompile Include="2556.cpp">
      <Filter>소스 파일</Filter>
    </ClCompile>
    <ClCompile Include="7785.cpp">
      <Filter>소스 파일</Filter>
    </ClCompile>
    <ClCompile Include="1032.cpp">
      <Filter>소스 파일</Filter>
    </ClCompile>
    <ClCompile Include="16926.cpp">
      <Filter>소스 파일</Filter>
    </ClCompile>
    <ClCompile Include="11057.cpp">
      <Filter>소스 파일</Filter>
    </ClCompile>
    <ClCompile Include="18111.cpp">
      <Filter>소스 파일</Filter>
    </ClCompile>
    <ClCompile Include="1157.cpp">
      <Filter>소스 파일</Filter>
    </ClCompile>
    <ClCompile Include="1676.cpp">
      <Filter>소스 파일</Filter>
    </ClCompile>
    <ClCompile Include="3985.cpp">
      <Filter>소스 파일</Filter>
    </ClCompile>
    <ClCompile Include="10819.cpp">
      <Filter>소스 파일</Filter>
    </ClCompile>
    <ClCompile Include="17212.cpp">
      <Filter>소스 파일</Filter>
    </ClCompile>
    <ClCompile Include="9375.cpp">
      <Filter>소스 파일</Filter>
    </ClCompile>
    <ClCompile Include="15489.cpp">
      <Filter>소스 파일</Filter>
    </ClCompile>
    <ClCompile Include="10844.cpp">
      <Filter>소스 파일</Filter>
    </ClCompile>
    <ClCompile Include="5525.cpp">
      <Filter>소스 파일</Filter>
    </ClCompile>
    <ClCompile Include="2512.cpp">
      <Filter>소스 파일</Filter>
    </ClCompile>
    <ClCompile Include="1406.cpp">
      <Filter>소스 파일</Filter>
    </ClCompile>
    <ClCompile Include="17298.cpp">
      <Filter>소스 파일</Filter>
    </ClCompile>
    <ClCompile Include="1918.cpp">
      <Filter>소스 파일</Filter>
    </ClCompile>
    <ClCompile Include="10995.cpp">
      <Filter>소스 파일</Filter>
    </ClCompile>
    <ClCompile Include="13015.cpp">
      <Filter>소스 파일</Filter>
    </ClCompile>
    <ClCompile Include="10994.cpp">
      <Filter>소스 파일</Filter>
    </ClCompile>
    <ClCompile Include="12847.cpp">
      <Filter>소스 파일</Filter>
    </ClCompile>
    <ClCompile Include="2003.cpp">
      <Filter>소스 파일</Filter>
    </ClCompile>
    <ClCompile Include="1260.cpp">
      <Filter>소스 파일</Filter>
    </ClCompile>
    <ClCompile Include="2178.cpp">
      <Filter>소스 파일</Filter>
    </ClCompile>
    <ClCompile Include="1347.cpp">
      <Filter>소스 파일</Filter>
    </ClCompile>
    <ClCompile Include="2606.cpp">
      <Filter>소스 파일</Filter>
    </ClCompile>
    <ClCompile Include="11724.cpp">
      <Filter>소스 파일</Filter>
    </ClCompile>
    <ClCompile Include="2644.cpp">
      <Filter>소스 파일</Filter>
    </ClCompile>
    <ClCompile Include="18108.cpp">
      <Filter>소스 파일</Filter>
    </ClCompile>
    <ClCompile Include="2941.cpp">
      <Filter>소스 파일</Filter>
    </ClCompile>
    <ClCompile Include="1193.cpp">
      <Filter>소스 파일</Filter>
    </ClCompile>
    <ClCompile Include="14606.cpp">
      <Filter>소스 파일</Filter>
    </ClCompile>
    <ClCompile Include="2947.cpp">
      <Filter>소스 파일</Filter>
    </ClCompile>
    <ClCompile Include="2667.cpp">
      <Filter>소스 파일</Filter>
    </ClCompile>
    <ClCompile Include="1012.cpp">
      <Filter>소스 파일</Filter>
    </ClCompile>
    <ClCompile Include="1697.cpp">
      <Filter>소스 파일</Filter>
    </ClCompile>
    <ClCompile Include="4963.cpp">
      <Filter>소스 파일</Filter>
    </ClCompile>
    <ClCompile Include="2161.cpp">
      <Filter>소스 파일</Filter>
    </ClCompile>
    <ClCompile Include="7562.cpp">
      <Filter>소스 파일</Filter>
    </ClCompile>
    <ClCompile Include="10026.cpp">
      <Filter>소스 파일</Filter>
    </ClCompile>
    <ClCompile Include="7576.cpp">
      <Filter>소스 파일</Filter>
    </ClCompile>
    <ClCompile Include="2583.cpp">
      <Filter>소스 파일</Filter>
    </ClCompile>
    <ClCompile Include="7569.cpp">
      <Filter>소스 파일</Filter>
    </ClCompile>
    <ClCompile Include="2589.cpp">
      <Filter>소스 파일</Filter>
    </ClCompile>
    <ClCompile Include="16953.cpp">
      <Filter>소스 파일</Filter>
    </ClCompile>
    <ClCompile Include="1138.cpp">
      <Filter>소스 파일</Filter>
    </ClCompile>
    <ClCompile Include="2468.cpp">
      <Filter>소스 파일</Filter>
    </ClCompile>
    <ClCompile Include="1051.cpp">
      <Filter>소스 파일</Filter>
    </ClCompile>
    <ClCompile Include="11725.cpp">
      <Filter>소스 파일</Filter>
    </ClCompile>
    <ClCompile Include="12851.cpp">
      <Filter>소스 파일</Filter>
    </ClCompile>
    <ClCompile Include="18511.cpp">
      <Filter>소스 파일</Filter>
    </ClCompile>
    <ClCompile Include="1743.cpp">
      <Filter>소스 파일</Filter>
    </ClCompile>
    <ClCompile Include="3184.cpp">
      <Filter>소스 파일</Filter>
    </ClCompile>
    <ClCompile Include="1254.cpp">
      <Filter>소스 파일</Filter>
    </ClCompile>
    <ClCompile Include="15888.cpp">
      <Filter>소스 파일</Filter>
    </ClCompile>
    <ClCompile Include="2636.cpp">
      <Filter>소스 파일</Filter>
    </ClCompile>
    <ClCompile Include="2573.cpp">
      <Filter>소스 파일</Filter>
    </ClCompile>
    <ClCompile Include="5427.cpp">
      <Filter>소스 파일</Filter>
    </ClCompile>
    <ClCompile Include="14716.cpp">
      <Filter>소스 파일</Filter>
    </ClCompile>
    <ClCompile Include="3187.cpp">
      <Filter>소스 파일</Filter>
    </ClCompile>
    <ClCompile Include="1753.cpp">
      <Filter>소스 파일</Filter>
    </ClCompile>
    <ClCompile Include="4948.cpp">
      <Filter>소스 파일</Filter>
    </ClCompile>
    <ClCompile Include="9020.cpp">
      <Filter>소스 파일</Filter>
    </ClCompile>
    <ClCompile Include="14562.cpp">
      <Filter>소스 파일</Filter>
    </ClCompile>
    <ClCompile Include="17827.cpp">
      <Filter>소스 파일</Filter>
    </ClCompile>
    <ClCompile Include="2166.cpp">
      <Filter>소스 파일</Filter>
    </ClCompile>
    <ClCompile Include="1916.cpp">
      <Filter>소스 파일</Filter>
    </ClCompile>
    <ClCompile Include="5972.cpp">
      <Filter>소스 파일</Filter>
    </ClCompile>
    <ClCompile Include="10282.cpp">
      <Filter>소스 파일</Filter>
    </ClCompile>
    <ClCompile Include="1238.cpp">
      <Filter>소스 파일</Filter>
    </ClCompile>
    <ClCompile Include="14502.cpp">
      <Filter>소스 파일</Filter>
    </ClCompile>
    <ClCompile Include="2638.cpp">
      <Filter>소스 파일</Filter>
    </ClCompile>
    <ClCompile Include="11779.cpp">
      <Filter>소스 파일</Filter>
    </ClCompile>
    <ClCompile Include="18352.cpp">
      <Filter>소스 파일</Filter>
    </ClCompile>
    <ClCompile Include="10103.cpp">
      <Filter>소스 파일</Filter>
    </ClCompile>
    <ClCompile Include="18223.cpp">
      <Filter>소스 파일</Filter>
    </ClCompile>
    <ClCompile Include="11657.cpp">
      <Filter>소스 파일</Filter>
    </ClCompile>
    <ClCompile Include="1738.cpp">
      <Filter>소스 파일</Filter>
    </ClCompile>
    <ClCompile Include="20160.cpp">
      <Filter>소스 파일</Filter>
    </ClCompile>
    <ClCompile Include="11000.cpp">
      <Filter>소스 파일</Filter>
    </ClCompile>
    <ClCompile Include="2211.cpp">
      <Filter>소스 파일</Filter>
    </ClCompile>
    <ClCompile Include="1865.cpp">
      <Filter>소스 파일</Filter>
    </ClCompile>
    <ClCompile Include="6118.cpp">
      <Filter>소스 파일</Filter>
    </ClCompile>
    <ClCompile Include="1261.cpp">
      <Filter>소스 파일</Filter>
    </ClCompile>
    <ClCompile Include="4485.cpp">
      <Filter>소스 파일</Filter>
    </ClCompile>
    <ClCompile Include="소스.cpp">
      <Filter>소스 파일</Filter>
    </ClCompile>
    <ClCompile Include="15969.cpp">
      <Filter>소스 파일</Filter>
    </ClCompile>
    <ClCompile Include="15894.cpp">
      <Filter>소스 파일</Filter>
    </ClCompile>
    <ClCompile Include="1927.cpp">
      <Filter>소스 파일</Filter>
    </ClCompile>
    <ClCompile Include="11279.cpp">
      <Filter>소스 파일</Filter>
    </ClCompile>
    <ClCompile Include="11286.cpp">
      <Filter>소스 파일</Filter>
    </ClCompile>
    <ClCompile Include="14284.cpp">
      <Filter>소스 파일</Filter>
    </ClCompile>
    <ClCompile Include="1219.cpp">
      <Filter>소스 파일</Filter>
    </ClCompile>
    <ClCompile Include="1504.cpp">
      <Filter>소스 파일</Filter>
    </ClCompile>
    <ClCompile Include="2665.cpp">
      <Filter>소스 파일</Filter>
    </ClCompile>
    <ClCompile Include="13549.cpp">
      <Filter>소스 파일</Filter>
    </ClCompile>
    <ClCompile Include="11404.cpp">
      <Filter>소스 파일</Filter>
    </ClCompile>
    <ClCompile Include="11403.cpp">
      <Filter>소스 파일</Filter>
    </ClCompile>
    <ClCompile Include="1389.cpp">
      <Filter>소스 파일</Filter>
    </ClCompile>
    <ClCompile Include="2660.cpp">
      <Filter>소스 파일</Filter>
    </ClCompile>
    <ClCompile Include="11719.cpp">
      <Filter>소스 파일</Filter>
    </ClCompile>
    <ClCompile Include="11047.cpp">
      <Filter>소스 파일</Filter>
    </ClCompile>
    <ClCompile Include="1931.cpp">
      <Filter>소스 파일</Filter>
    </ClCompile>
    <ClCompile Include="1058.cpp">
      <Filter>소스 파일</Filter>
    </ClCompile>
    <ClCompile Include="2458.cpp">
      <Filter>소스 파일</Filter>
    </ClCompile>
    <ClCompile Include="17396.cpp">
      <Filter>소스 파일</Filter>
    </ClCompile>
    <ClCompile Include="17835.cpp">
      <Filter>소스 파일</Filter>
    </ClCompile>
    <ClCompile Include="15686.cpp">
      <Filter>소스 파일</Filter>
    </ClCompile>
    <ClCompile Include="3055.cpp">
      <Filter>소스 파일</Filter>
    </ClCompile>
    <ClCompile Include="1937.cpp">
      <Filter>소스 파일</Filter>
    </ClCompile>
    <ClCompile Include="13565.cpp">
      <Filter>소스 파일</Filter>
    </ClCompile>
    <ClCompile Include="14938.cpp">
      <Filter>소스 파일</Filter>
    </ClCompile>
    <ClCompile Include="1613.cpp">
      <Filter>소스 파일</Filter>
    </ClCompile>
    <ClCompile Include="1956.cpp">
      <Filter>소스 파일</Filter>
    </ClCompile>
    <ClCompile Include="1719.cpp">
      <Filter>소스 파일</Filter>
    </ClCompile>
    <ClCompile Include="11265.cpp">
      <Filter>소스 파일</Filter>
    </ClCompile>
    <ClCompile Include="10159.cpp">
      <Filter>소스 파일</Filter>
    </ClCompile>
    <ClCompile Include="2252.cpp">
      <Filter>소스 파일</Filter>
    </ClCompile>
    <ClCompile Include="21940.cpp">
      <Filter>소스 파일</Filter>
    </ClCompile>
    <ClCompile Include="1507.cpp">
      <Filter>소스 파일</Filter>
    </ClCompile>
    <ClCompile Include="6156.cpp">
      <Filter>소스 파일</Filter>
    </ClCompile>
    <ClCompile Include="1005.cpp">
      <Filter>소스 파일</Filter>
    </ClCompile>
    <ClCompile Include="23350.cpp">
      <Filter>소스 파일</Filter>
    </ClCompile>
    <ClCompile Include="2617.cpp">
      <Filter>소스 파일</Filter>
    </ClCompile>
    <ClCompile Include="14567.cpp">
      <Filter>소스 파일</Filter>
    </ClCompile>
    <ClCompile Include="2056.cpp">
      <Filter>소스 파일</Filter>
    </ClCompile>
    <ClCompile Include="1516.cpp">
      <Filter>소스 파일</Filter>
    </ClCompile>
    <ClCompile Include="2623.cpp">
      <Filter>소스 파일</Filter>
    </ClCompile>
    <ClCompile Include="1766.cpp">
      <Filter>소스 파일</Filter>
    </ClCompile>
    <ClCompile Include="9470.cpp">
      <Filter>소스 파일</Filter>
    </ClCompile>
    <ClCompile Include="2611.cpp">
      <Filter>소스 파일</Filter>
    </ClCompile>
    <ClCompile Include="3665.cpp">
      <Filter>소스 파일</Filter>
    </ClCompile>
  </ItemGroup>
</Project>