<?xml version="1.0" encoding="utf-8"?>
<Project ToolsVersion="4.0" xmlns="http://schemas.microsoft.com/developer/msbuild/2003">
  <ItemGroup>
    <Filter Include="소스 파일">
      <UniqueIdentifier>{4FC737F1-C7A5-4376-A066-2A32D752A2FF}</UniqueIdentifier>
      <Extensions>cpp;c;cc;cxx;c++;cppm;ixx;def;odl;idl;hpj;bat;asm;asmx</Extensions>
    </Filter>
    <Filter Include="헤더 파일">
      <UniqueIdentifier>{93995380-89BD-4b04-88EB-625FBE52EBFB}</UniqueIdentifier>
      <Extensions>h;hh;hpp;hxx;h++;hm;inl;inc;ipp;xsd</Extensions>
    </Filter>
    <Filter Include="리소스 파일">
      <UniqueIdentifier>{67DA6AB6-F800-4c08-8B7A-83BB121AAD01}</UniqueIdentifier>
      <Extensions>rc;ico;cur;bmp;dlg;rc2;rct;bin;rgs;gif;jpg;jpeg;jpe;resx;tiff;tif;png;wav;mfcribbon-ms</Extensions>
    </Filter>
  </ItemGroup>
  <ItemGroup>
    <ClCompile Include="1149.cpp">
      <Filter>소스 파일</Filter>
    </ClCompile>
    <ClCompile Include="1010.cpp">
      <Filter>소스 파일</Filter>
    </ClCompile>
    <ClCompile Include="1268.cpp">
      <Filter>소스 파일</Filter>
    </ClCompile>
    <ClCompile Include="1292.cpp">
      <Filter>소스 파일</Filter>
    </ClCompile>
    <ClCompile Include="1158.cpp">
      <Filter>소스 파일</Filter>
    </ClCompile>
    <ClCompile Include="1780.cpp">
      <Filter>소스 파일</Filter>
    </ClCompile>
    <ClCompile Include="1309.cpp">
      <Filter>소스 파일</Filter>
    </ClCompile>
    <ClCompile Include="1316.cpp">
      <Filter>소스 파일</Filter>
    </ClCompile>
    <ClCompile Include="1463.cpp">
      <Filter>소스 파일</Filter>
    </ClCompile>
    <ClCompile Include="1759.cpp">
      <Filter>소스 파일</Filter>
    </ClCompile>
    <ClCompile Include="1890.cpp">
      <Filter>소스 파일</Filter>
    </ClCompile>
    <ClCompile Include="1904.cpp">
      <Filter>소스 파일</Filter>
    </ClCompile>
    <ClCompile Include="1920.cpp">
      <Filter>소스 파일</Filter>
    </ClCompile>
    <ClCompile Include="1929.cpp">
      <Filter>소스 파일</Filter>
    </ClCompile>
    <ClCompile Include="1932.cpp">
      <Filter>소스 파일</Filter>
    </ClCompile>
    <ClCompile Include="1934.cpp">
      <Filter>소스 파일</Filter>
    </ClCompile>
    <ClCompile Include="1654.cpp">
      <Filter>소스 파일</Filter>
    </ClCompile>
    <ClCompile Include="18114.cpp">
      <Filter>소스 파일</Filter>
    </ClCompile>
    <ClCompile Include="1966.cpp">
      <Filter>소스 파일</Filter>
    </ClCompile>
    <ClCompile Include="1977.cpp">
      <Filter>소스 파일</Filter>
    </ClCompile>
    <ClCompile Include="1992.cpp">
      <Filter>소스 파일</Filter>
    </ClCompile>
    <ClCompile Include="2108.cpp">
      <Filter>소스 파일</Filter>
    </ClCompile>
    <ClCompile Include="2156.cpp">
      <Filter>소스 파일</Filter>
    </ClCompile>
    <ClCompile Include="2805.cpp">
      <Filter>소스 파일</Filter>
    </ClCompile>
    <ClCompile Include="2343.cpp">
      <Filter>소스 파일</Filter>
    </ClCompile>
    <ClCompile Include="11561.cpp">
      <Filter>소스 파일</Filter>
    </ClCompile>
    <ClCompile Include="10816.cpp">
      <Filter>소스 파일</Filter>
    </ClCompile>
    <ClCompile Include="2110.cpp">
      <Filter>소스 파일</Filter>
    </ClCompile>
    <ClCompile Include="16401.cpp">
      <Filter>소스 파일</Filter>
    </ClCompile>
    <ClCompile Include="13706.cpp">
      <Filter>소스 파일</Filter>
    </ClCompile>
    <ClCompile Include="2417.cpp">
      <Filter>소스 파일</Filter>
    </ClCompile>
    <ClCompile Include="1003.cpp">
      <Filter>소스 파일</Filter>
    </ClCompile>
    <ClCompile Include="11726.cpp">
      <Filter>소스 파일</Filter>
    </ClCompile>
    <ClCompile Include="15989.cpp">
      <Filter>소스 파일</Filter>
    </ClCompile>
    <ClCompile Include="10996.cpp">
      <Filter>소스 파일</Filter>
    </ClCompile>
    <ClCompile Include="10569.cpp">
      <Filter>소스 파일</Filter>
    </ClCompile>
    <ClCompile Include="7510.cpp">
      <Filter>소스 파일</Filter>
    </ClCompile>
    <ClCompile Include="2688.cpp">
      <Filter>소스 파일</Filter>
    </ClCompile>
    <ClCompile Include="2225.cpp">
      <Filter>소스 파일</Filter>
    </ClCompile>
    <ClCompile Include="2164.cpp">
      <Filter>소스 파일</Filter>
    </ClCompile>
    <ClCompile Include="2443.cpp">
      <Filter>소스 파일</Filter>
    </ClCompile>
    <ClCompile Include="2444.cpp">
      <Filter>소스 파일</Filter>
    </ClCompile>
    <ClCompile Include="2630.cpp">
      <Filter>소스 파일</Filter>
    </ClCompile>
    <ClCompile Include="17363.cpp">
      <Filter>소스 파일</Filter>
    </ClCompile>
    <ClCompile Include="17262.cpp">
      <Filter>소스 파일</Filter>
    </ClCompile>
    <ClCompile Include="17176.cpp">
      <Filter>소스 파일</Filter>
    </ClCompile>
    <ClCompile Include="17074.cpp">
      <Filter>소스 파일</Filter>
    </ClCompile>
    <ClCompile Include="16931.cpp">
      <Filter>소스 파일</Filter>
    </ClCompile>
    <ClCompile Include="15815.cpp">
      <Filter>소스 파일</Filter>
    </ClCompile>
    <ClCompile Include="2504.cpp">
      <Filter>소스 파일</Filter>
    </ClCompile>
    <ClCompile Include="20301.cpp">
      <Filter>소스 파일</Filter>
    </ClCompile>
    <ClCompile Include="2579.cpp">
      <Filter>소스 파일</Filter>
    </ClCompile>
    <ClCompile Include="1912.cpp">
      <Filter>소스 파일</Filter>
    </ClCompile>
    <ClCompile Include="1874.cpp">
      <Filter>소스 파일</Filter>
    </ClCompile>
    <ClCompile Include="5430.cpp">
      <Filter>소스 파일</Filter>
    </ClCompile>
    <ClCompile Include="14495.cpp">
      <Filter>소스 파일</Filter>
    </ClCompile>
    <ClCompile Include="16395.cpp">
      <Filter>소스 파일</Filter>
    </ClCompile>
    <ClCompile Include="17626.cpp">
      <Filter>소스 파일</Filter>
    </ClCompile>
    <ClCompile Include="13417.cpp">
      <Filter>소스 파일</Filter>
    </ClCompile>
    <ClCompile Include="12789.cpp">
      <Filter>소스 파일</Filter>
    </ClCompile>
    <ClCompile Include="2841.cpp">
      <Filter>소스 파일</Filter>
    </ClCompile>
    <ClCompile Include="1302.cpp">
      <Filter>소스 파일</Filter>
    </ClCompile>
    <ClCompile Include="1935.cpp">
      <Filter>소스 파일</Filter>
    </ClCompile>
    <ClCompile Include="1021.cpp">
      <Filter>소스 파일</Filter>
    </ClCompile>
    <ClCompile Include="17413.cpp">
      <Filter>소스 파일</Filter>
    </ClCompile>
    <ClCompile Include="2346.cpp">
      <Filter>소스 파일</Filter>
    </ClCompile>
    <ClCompile Include="10799.cpp">
      <Filter>소스 파일</Filter>
    </ClCompile>
    <ClCompile Include="2193.cpp">
      <Filter>소스 파일</Filter>
    </ClCompile>
    <ClCompile Include="11727.cpp">
      <Filter>소스 파일</Filter>
    </ClCompile>
    <ClCompile Include="9656.cpp">
      <Filter>소스 파일</Filter>
    </ClCompile>
    <ClCompile Include="14916.cpp">
      <Filter>소스 파일</Filter>
    </ClCompile>
    <ClCompile Include="11048.cpp">
      <Filter>소스 파일</Filter>
    </ClCompile>
    <ClCompile Include="1789.cpp">
      <Filter>소스 파일</Filter>
    </ClCompile>
    <ClCompile Include="11053.cpp">
      <Filter>소스 파일</Filter>
    </ClCompile>
    <ClCompile Include="9625.cpp">
      <Filter>소스 파일</Filter>
    </ClCompile>
    <ClCompile Include="13301.cpp">
      <Filter>소스 파일</Filter>
    </ClCompile>
    <ClCompile Include="1476.cpp">
      <Filter>소스 파일</Filter>
    </ClCompile>
    <ClCompile Include="1343.cpp">
      <Filter>소스 파일</Filter>
    </ClCompile>
    <ClCompile Include="5524.cpp">
      <Filter>소스 파일</Filter>
    </ClCompile>
    <ClCompile Include="11722.cpp">
      <Filter>소스 파일</Filter>
    </ClCompile>
    <ClCompile Include="11055.cpp">
      <Filter>소스 파일</Filter>
    </ClCompile>
    <ClCompile Include="18353.cpp">
      <Filter>소스 파일</Filter>
    </ClCompile>
    <ClCompile Include="15990.cpp">
      <Filter>소스 파일</Filter>
    </ClCompile>
    <ClCompile Include="23320.cpp">
      <Filter>소스 파일</Filter>
    </ClCompile>
    <ClCompile Include="10162.cpp">
      <Filter>소스 파일</Filter>
    </ClCompile>
    <ClCompile Include="23841.cpp">
      <Filter>소스 파일</Filter>
    </ClCompile>
    <ClCompile Include="15829.cpp">
      <Filter>소스 파일</Filter>
    </ClCompile>
    <ClCompile Include="2493.cpp">
      <Filter>소스 파일</Filter>
    </ClCompile>
    <ClCompile Include="11659.cpp">
      <Filter>소스 파일</Filter>
    </ClCompile>
    <ClCompile Include="2559.cpp">
      <Filter>소스 파일</Filter>
    </ClCompile>
    <ClCompile Include="10211.cpp">
      <Filter>소스 파일</Filter>
    </ClCompile>
    <ClCompile Include="13900.cpp">
      <Filter>소스 파일</Filter>
    </ClCompile>
    <ClCompile Include="17390.cpp">
      <Filter>소스 파일</Filter>
    </ClCompile>
    <ClCompile Include="2435.cpp">
      <Filter>소스 파일</Filter>
    </ClCompile>
    <ClCompile Include="2015.cpp">
      <Filter>소스 파일</Filter>
    </ClCompile>
    <ClCompile Include="1924.cpp">
      <Filter>소스 파일</Filter>
    </ClCompile>
    <ClCompile Include="18870.cpp">
      <Filter>소스 파일</Filter>
    </ClCompile>
    <ClCompile Include="2523.cpp">
      <Filter>소스 파일</Filter>
    </ClCompile>
    <ClCompile Include="2522.cpp">
      <Filter>소스 파일</Filter>
    </ClCompile>
    <ClCompile Include="10991.cpp">
      <Filter>소스 파일</Filter>
    </ClCompile>
    <ClCompile Include="2490.cpp">
      <Filter>소스 파일</Filter>
    </ClCompile>
    <ClCompile Include="10990.cpp">
      <Filter>소스 파일</Filter>
    </ClCompile>
    <ClCompile Include="2556.cpp">
      <Filter>소스 파일</Filter>
    </ClCompile>
    <ClCompile Include="7785.cpp">
      <Filter>소스 파일</Filter>
    </ClCompile>
    <ClCompile Include="1032.cpp">
      <Filter>소스 파일</Filter>
    </ClCompile>
    <ClCompile Include="16926.cpp">
      <Filter>소스 파일</Filter>
    </ClCompile>
    <ClCompile Include="11057.cpp">
      <Filter>소스 파일</Filter>
    </ClCompile>
    <ClCompile Include="18111.cpp">
      <Filter>소스 파일</Filter>
    </ClCompile>
    <ClCompile Include="1157.cpp">
      <Filter>소스 파일</Filter>
    </ClCompile>
    <ClCompile Include="1676.cpp">
      <Filter>소스 파일</Filter>
    </ClCompile>
    <ClCompile Include="3985.cpp">
      <Filter>소스 파일</Filter>
    </ClCompile>
    <ClCompile Include="10819.cpp">
      <Filter>소스 파일</Filter>
    </ClCompile>
    <ClCompile Include="17212.cpp">
      <Filter>소스 파일</Filter>
    </ClCompile>
    <ClCompile Include="9375.cpp">
      <Filter>소스 파일</Filter>
    </ClCompile>
  </ItemGroup>
</Project>